
Microsoft Visual Studio Solution File, Format Version 12.00
# Visual Studio Version 17
VisualStudioVersion = 17.6.33815.320
MinimumVisualStudioVersion = 10.0.40219.1
Project("{8BC9CEB8-8B4A-11D0-8D11-00A0C91BC942}") = "IrisSDK_Force_Linking", "IrisSDK_Force_Linking\IrisSDK_Force_Linking.vcxproj", "{0EEDA1C9-5EAB-4FFC-8258-390BC6D3E7ED}"
EndProject
Global
	GlobalSection(SolutionConfigurationPlatforms) = preSolution
		Debug|x64 = Debug|x64
		Debug|x86 = Debug|x86
		Release|x64 = Release|x64
		Release|x86 = Release|x86
	EndGlobalSection
	GlobalSection(ProjectConfigurationPlatforms) = postSolution
		{0EEDA1C9-5EAB-4FFC-8258-390BC6D3E7ED}.Debug|x64.ActiveCfg = Debug|x64
		{0EEDA1C9-5EAB-4FFC-8258-390BC6D3E7ED}.Debug|x64.Build.0 = Debug|x64
		{0EEDA1C9-5EAB-4FFC-8258-390BC6D3E7ED}.Debug|x86.ActiveCfg = Debug|Win32
		{0EEDA1C9-5EAB-4FFC-8258-390BC6D3E7ED}.Debug|x86.Build.0 = Debug|Win32
		{0EEDA1C9-5EAB-4FFC-8258-390BC6D3E7ED}.Release|x64.ActiveCfg = Release|x64
		{0EEDA1C9-5EAB-4FFC-8258-390BC6D3E7ED}.Release|x64.Build.0 = Release|x64
		{0EEDA1C9-5EAB-4FFC-8258-390BC6D3E7ED}.Release|x86.ActiveCfg = Release|Win32
		{0EEDA1C9-5EAB-4FFC-8258-390BC6D3E7ED}.Release|x86.Build.0 = Release|Win32
	EndGlobalSection
	GlobalSection(SolutionProperties) = preSolution
		HideSolutionNode = FALSE
	EndGlobalSection
	GlobalSection(ExtensibilityGlobals) = postSolution
		SolutionGuid = {AF1E3C0D-43C6-40A3-B9F0-0CC6E61D6184}
	EndGlobalSection
EndGlobal
